{
  "version": 4,
  "terraform_version": "1.5.7",
  "serial": 776,
  "lineage": "1aadc13a-dd88-fd13-4a77-9dec10fd5ebe",
  "outputs": {},
  "resources": [
    {
      "module": "module.alb",
      "mode": "managed",
      "type": "aws_lb",
      "name": "alb",
      "provider": "provider[\"registry.terraform.io/hashicorp/aws\"]",
      "instances": [
        {
          "schema_version": 0,
          "attributes": {
            "access_logs": [
              {
                "bucket": "",
                "enabled": false,
                "prefix": ""
              }
            ],
            "arn": "arn:aws:elasticloadbalancing:us-east-1:450665609241:loadbalancer/app/alb/7cab6453e6529b95",
            "arn_suffix": "app/alb/7cab6453e6529b95",
            "connection_logs": [
              {
                "bucket": "",
                "enabled": false,
                "prefix": ""
              }
            ],
            "customer_owned_ipv4_pool": "",
            "desync_mitigation_mode": "defensive",
            "dns_name": "alb-318750298.us-east-1.elb.amazonaws.com",
            "dns_record_client_routing_policy": null,
            "drop_invalid_header_fields": false,
            "enable_cross_zone_load_balancing": true,
            "enable_deletion_protection": false,
            "enable_http2": true,
            "enable_tls_version_and_cipher_suite_headers": false,
            "enable_waf_fail_open": false,
            "enable_xff_client_port": false,
            "enforce_security_group_inbound_rules_on_private_link_traffic": "",
            "id": "arn:aws:elasticloadbalancing:us-east-1:450665609241:loadbalancer/app/alb/7cab6453e6529b95",
            "idle_timeout": 60,
            "internal": false,
            "ip_address_type": "ipv4",
            "load_balancer_type": "application",
            "name": "alb",
            "name_prefix": "",
            "preserve_host_header": false,
            "security_groups": [
              "sg-0575658b42f65bdad"
            ],
            "subnet_mapping": [
              {
                "allocation_id": "",
                "ipv6_address": "",
                "outpost_id": "",
                "private_ipv4_address": "",
                "subnet_id": "subnet-006dc6127c1106d7c"
              },
              {
                "allocation_id": "",
                "ipv6_address": "",
                "outpost_id": "",
                "private_ipv4_address": "",
                "subnet_id": "subnet-00a18c20dc7ed9bcd"
              }
            ],
            "subnets": [
              "subnet-006dc6127c1106d7c",
              "subnet-00a18c20dc7ed9bcd"
            ],
            "tags": {
              "Name": "jupiter-static-default-alb",
              "application": "static",
              "contact": "devops@jjtechinc.com",
              "creationTime": "2024-05-24T17:14:38Z",
              "environment": "default",
              "project": "jupiter"
            },
            "tags_all": {
              "Name": "jupiter-static-default-alb",
              "application": "static",
              "contact": "devops@jjtechinc.com",
              "creationTime": "2024-05-24T17:14:38Z",
              "environment": "default",
              "project": "jupiter"
            },
            "timeouts": null,
            "vpc_id": "vpc-0ef85c8a03ffeab58",
            "xff_header_processing_mode": "append",
            "zone_id": "Z35SXDOTRQ7X7K"
          },
          "sensitive_attributes": [],
          "private": "eyJlMmJmYjczMC1lY2FhLTExZTYtOGY4OC0zNDM2M2JjN2M0YzAiOnsiY3JlYXRlIjo2MDAwMDAwMDAwMDAsImRlbGV0ZSI6NjAwMDAwMDAwMDAwLCJ1cGRhdGUiOjYwMDAwMDAwMDAwMH19",
          "dependencies": [
            "module.alb.aws_security_group.alb_sg",
            "module.vpc.aws_subnet.public_subnet_1",
            "module.vpc.aws_subnet.public_subnet_2",
            "module.vpc.aws_vpc.main_vpc"
          ]
        }
      ]
    },
    {
      "module": "module.alb",
      "mode": "managed",
      "type": "aws_lb_listener",
      "name": "alb_http_listener",
      "provider": "provider[\"registry.terraform.io/hashicorp/aws\"]",
      "instances": [
        {
          "schema_version": 0,
          "attributes": {
            "alpn_policy": null,
            "arn": "arn:aws:elasticloadbalancing:us-east-1:450665609241:listener/app/alb/7cab6453e6529b95/992b3b2e3d7d45a8",
            "certificate_arn": null,
            "default_action": [
              {
                "authenticate_cognito": [],
                "authenticate_oidc": [],
                "fixed_response": [],
                "forward": [],
                "order": 1,
                "redirect": [
                  {
                    "host": "#{host}",
                    "path": "/#{path}",
                    "port": "443",
                    "protocol": "HTTPS",
                    "query": "#{query}",
                    "status_code": "HTTP_301"
                  }
                ],
                "target_group_arn": "",
                "type": "redirect"
              }
            ],
            "id": "arn:aws:elasticloadbalancing:us-east-1:450665609241:listener/app/alb/7cab6453e6529b95/992b3b2e3d7d45a8",
            "load_balancer_arn": "arn:aws:elasticloadbalancing:us-east-1:450665609241:loadbalancer/app/alb/7cab6453e6529b95",
            "mutual_authentication": [],
            "port": 80,
            "protocol": "HTTP",
            "ssl_policy": "",
            "tags": null,
            "tags_all": {},
            "timeouts": null
          },
          "sensitive_attributes": [],
          "private": "eyJlMmJmYjczMC1lY2FhLTExZTYtOGY4OC0zNDM2M2JjN2M0YzAiOnsiY3JlYXRlIjozMDAwMDAwMDAwMDAsInVwZGF0ZSI6MzAwMDAwMDAwMDAwfX0=",
          "dependencies": [
            "module.alb.aws_lb.alb",
            "module.alb.aws_security_group.alb_sg",
            "module.vpc.aws_subnet.public_subnet_1",
            "module.vpc.aws_subnet.public_subnet_2",
            "module.vpc.aws_vpc.main_vpc"
          ]
        }
      ]
    },
    {
      "module": "module.alb",
      "mode": "managed",
      "type": "aws_lb_listener",
      "name": "alb_listener",
      "provider": "provider[\"registry.terraform.io/hashicorp/aws\"]",
      "instances": [
        {
          "schema_version": 0,
          "attributes": {
            "alpn_policy": null,
            "arn": "arn:aws:elasticloadbalancing:us-east-1:450665609241:listener/app/alb/7cab6453e6529b95/33b67b6b245cfee3",
            "certificate_arn": "arn:aws:acm:us-east-1:450665609241:certificate/9a7f66de-e36b-48f4-83d6-999433ad8479",
            "default_action": [
              {
                "authenticate_cognito": [],
                "authenticate_oidc": [],
                "fixed_response": [],
                "forward": [],
                "order": 1,
                "redirect": [],
                "target_group_arn": "arn:aws:elasticloadbalancing:us-east-1:450665609241:targetgroup/alb/c102c7f53f56e95c",
                "type": "forward"
              }
            ],
            "id": "arn:aws:elasticloadbalancing:us-east-1:450665609241:listener/app/alb/7cab6453e6529b95/33b67b6b245cfee3",
            "load_balancer_arn": "arn:aws:elasticloadbalancing:us-east-1:450665609241:loadbalancer/app/alb/7cab6453e6529b95",
            "mutual_authentication": [
              {
                "ignore_client_certificate_expiry": false,
                "mode": "off",
                "trust_store_arn": ""
              }
            ],
            "port": 443,
            "protocol": "HTTPS",
            "ssl_policy": "ELBSecurityPolicy-2016-08",
            "tags": null,
            "tags_all": {},
            "timeouts": null
          },
          "sensitive_attributes": [],
          "private": "eyJlMmJmYjczMC1lY2FhLTExZTYtOGY4OC0zNDM2M2JjN2M0YzAiOnsiY3JlYXRlIjozMDAwMDAwMDAwMDAsInVwZGF0ZSI6MzAwMDAwMDAwMDAwfX0=",
          "dependencies": [
            "module.alb.aws_lb.alb",
            "module.alb.aws_lb_target_group.alb_target_group",
            "module.alb.aws_security_group.alb_sg",
            "module.vpc.aws_subnet.public_subnet_1",
            "module.vpc.aws_subnet.public_subnet_2",
            "module.vpc.aws_vpc.main_vpc"
          ]
        }
      ]
    },
    {
      "module": "module.alb",
      "mode": "managed",
      "type": "aws_lb_target_group",
      "name": "alb_target_group",
      "provider": "provider[\"registry.terraform.io/hashicorp/aws\"]",
      "instances": [
        {
          "schema_version": 0,
          "attributes": {
            "arn": "arn:aws:elasticloadbalancing:us-east-1:450665609241:targetgroup/alb/c102c7f53f56e95c",
            "arn_suffix": "targetgroup/alb/c102c7f53f56e95c",
            "connection_termination": null,
            "deregistration_delay": "300",
            "health_check": [
              {
                "enabled": true,
                "healthy_threshold": 5,
                "interval": 30,
                "matcher": "200,301,302",
                "path": "/",
                "port": "80",
                "protocol": "HTTP",
                "timeout": 5,
                "unhealthy_threshold": 2
              }
            ],
            "id": "arn:aws:elasticloadbalancing:us-east-1:450665609241:targetgroup/alb/c102c7f53f56e95c",
            "ip_address_type": "ipv4",
            "lambda_multi_value_headers_enabled": false,
            "load_balancer_arns": [],
            "load_balancing_algorithm_type": "round_robin",
            "load_balancing_anomaly_mitigation": "off",
            "load_balancing_cross_zone_enabled": "use_load_balancer_configuration",
            "name": "alb",
            "name_prefix": "",
            "port": 80,
            "preserve_client_ip": null,
            "protocol": "HTTP",
            "protocol_version": "HTTP1",
            "proxy_protocol_v2": false,
            "slow_start": 0,
            "stickiness": [
              {
                "cookie_duration": 86400,
                "cookie_name": "",
                "enabled": false,
                "type": "lb_cookie"
              }
            ],
            "tags": null,
            "tags_all": {},
            "target_failover": [
              {
                "on_deregistration": null,
                "on_unhealthy": null
              }
            ],
            "target_health_state": [
              {
                "enable_unhealthy_connection_termination": null
              }
            ],
            "target_type": "instance",
            "vpc_id": "vpc-0ef85c8a03ffeab58"
          },
          "sensitive_attributes": [],
          "private": "bnVsbA==",
          "dependencies": [
            "module.vpc.aws_vpc.main_vpc"
          ]
        }
      ]
    },
    {
      "module": "module.alb",
      "mode": "managed",
      "type": "aws_security_group",
      "name": "alb_sg",
      "provider": "provider[\"registry.terraform.io/hashicorp/aws\"]",
      "instances": [
        {
          "schema_version": 1,
          "attributes": {
            "arn": "arn:aws:ec2:us-east-1:450665609241:security-group/sg-0575658b42f65bdad",
            "description": "Allow ports 22, 80 and 443",
            "egress": [],
            "id": "sg-0575658b42f65bdad",
            "ingress": [],
            "name": "Allow SSL Certificate",
            "name_prefix": "",
            "owner_id": "450665609241",
            "revoke_rules_on_delete": false,
            "tags": {
              "Name": "alb-sg"
            },
            "tags_all": {
              "Name": "alb-sg"
            },
            "timeouts": null,
            "vpc_id": "vpc-0ef85c8a03ffeab58"
          },
          "sensitive_attributes": [],
          "private": "eyJlMmJmYjczMC1lY2FhLTExZTYtOGY4OC0zNDM2M2JjN2M0YzAiOnsiY3JlYXRlIjo2MDAwMDAwMDAwMDAsImRlbGV0ZSI6OTAwMDAwMDAwMDAwfSwic2NoZW1hX3ZlcnNpb24iOiIxIn0=",
          "dependencies": [
            "module.vpc.aws_vpc.main_vpc"
          ]
        }
      ]
    },
    {
      "module": "module.alb",
      "mode": "managed",
      "type": "aws_vpc_security_group_egress_rule",
      "name": "allow_SSH_HTTP_HTTPS",
      "provider": "provider[\"registry.terraform.io/hashicorp/aws\"]",
      "instances": [
        {
          "schema_version": 0,
          "attributes": {
            "arn": "arn:aws:ec2:us-east-1:450665609241:security-group-rule/sgr-0a58d2cb0786e806c",
            "cidr_ipv4": "0.0.0.0/0",
            "cidr_ipv6": null,
            "description": null,
            "from_port": null,
            "id": "sgr-0a58d2cb0786e806c",
            "ip_protocol": "-1",
            "prefix_list_id": null,
            "referenced_security_group_id": null,
            "security_group_id": "sg-0575658b42f65bdad",
            "security_group_rule_id": "sgr-0a58d2cb0786e806c",
            "tags": null,
            "tags_all": {},
            "to_port": null
          },
          "sensitive_attributes": [],
          "dependencies": [
            "module.alb.aws_security_group.alb_sg",
            "module.vpc.aws_vpc.main_vpc"
          ]
        }
      ]
    },
    {
      "module": "module.alb",
      "mode": "managed",
      "type": "aws_vpc_security_group_ingress_rule",
      "name": "allow_22",
      "provider": "provider[\"registry.terraform.io/hashicorp/aws\"]",
      "instances": [
        {
          "schema_version": 0,
          "attributes": {
            "arn": "arn:aws:ec2:us-east-1:450665609241:security-group-rule/sgr-05929ecc4d9eccda7",
            "cidr_ipv4": "0.0.0.0/0",
            "cidr_ipv6": null,
            "description": null,
            "from_port": 22,
            "id": "sgr-05929ecc4d9eccda7",
            "ip_protocol": "tcp",
            "prefix_list_id": null,
            "referenced_security_group_id": null,
            "security_group_id": "sg-0575658b42f65bdad",
            "security_group_rule_id": "sgr-05929ecc4d9eccda7",
            "tags": null,
            "tags_all": {},
            "to_port": 22
          },
          "sensitive_attributes": [],
          "dependencies": [
            "module.alb.aws_security_group.alb_sg",
            "module.vpc.aws_vpc.main_vpc"
          ]
        }
      ]
    },
    {
      "module": "module.alb",
      "mode": "managed",
      "type": "aws_vpc_security_group_ingress_rule",
      "name": "allow_HTTP",
      "provider": "provider[\"registry.terraform.io/hashicorp/aws\"]",
      "instances": [
        {
          "schema_version": 0,
          "attributes": {
            "arn": "arn:aws:ec2:us-east-1:450665609241:security-group-rule/sgr-08d8e046d67495af6",
            "cidr_ipv4": "0.0.0.0/0",
            "cidr_ipv6": null,
            "description": null,
            "from_port": 80,
            "id": "sgr-08d8e046d67495af6",
            "ip_protocol": "tcp",
            "prefix_list_id": null,
            "referenced_security_group_id": null,
            "security_group_id": "sg-0575658b42f65bdad",
            "security_group_rule_id": "sgr-08d8e046d67495af6",
            "tags": null,
            "tags_all": {},
            "to_port": 80
          },
          "sensitive_attributes": [],
          "dependencies": [
            "module.alb.aws_security_group.alb_sg",
            "module.vpc.aws_vpc.main_vpc"
          ]
        }
      ]
    },
    {
      "module": "module.alb",
      "mode": "managed",
      "type": "aws_vpc_security_group_ingress_rule",
      "name": "allow_HTTPS",
      "provider": "provider[\"registry.terraform.io/hashicorp/aws\"]",
      "instances": [
        {
          "schema_version": 0,
          "attributes": {
            "arn": "arn:aws:ec2:us-east-1:450665609241:security-group-rule/sgr-00487a8fbd9053cb7",
            "cidr_ipv4": "0.0.0.0/0",
            "cidr_ipv6": null,
            "description": null,
            "from_port": 443,
            "id": "sgr-00487a8fbd9053cb7",
            "ip_protocol": "tcp",
            "prefix_list_id": null,
            "referenced_security_group_id": null,
            "security_group_id": "sg-0575658b42f65bdad",
            "security_group_rule_id": "sgr-00487a8fbd9053cb7",
            "tags": null,
            "tags_all": {},
            "to_port": 443
          },
          "sensitive_attributes": [],
          "dependencies": [
            "module.alb.aws_security_group.alb_sg",
            "module.vpc.aws_vpc.main_vpc"
          ]
        }
      ]
    },
    {
      "module": "module.auto-scaling",
      "mode": "managed",
      "type": "aws_autoscaling_group",
      "name": "bar",
      "provider": "provider[\"registry.terraform.io/hashicorp/aws\"]",
      "instances": [
        {
          "schema_version": 1,
          "attributes": {
            "arn": "arn:aws:autoscaling:us-east-1:450665609241:autoScalingGroup:e98861c0-7a81-4e6a-b283-ccef0be28e33:autoScalingGroupName/terraform-20240524171445228800000006",
            "availability_zones": [
              "us-east-1a",
              "us-east-1b"
            ],
            "capacity_rebalance": false,
            "context": "",
            "default_cooldown": 300,
            "default_instance_warmup": 0,
            "desired_capacity": 4,
            "desired_capacity_type": "",
            "enabled_metrics": null,
            "force_delete": false,
            "force_delete_warm_pool": false,
            "health_check_grace_period": 300,
            "health_check_type": "EC2",
            "id": "terraform-20240524171445228800000006",
            "ignore_failed_scaling_activities": false,
            "initial_lifecycle_hook": [],
            "instance_maintenance_policy": [],
            "instance_refresh": [],
            "launch_configuration": "",
            "launch_template": [
              {
                "id": "lt-010aecdb69f5a1560",
                "name": "asg_launch_template20240524171444895300000004",
                "version": "$Latest"
              }
            ],
            "load_balancers": [],
            "max_instance_lifetime": 0,
            "max_size": 6,
            "metrics_granularity": "1Minute",
            "min_elb_capacity": null,
            "min_size": 2,
            "mixed_instances_policy": [],
            "name": "terraform-20240524171445228800000006",
            "name_prefix": "terraform-",
            "placement_group": "",
            "predicted_capacity": 0,
            "protect_from_scale_in": false,
            "service_linked_role_arn": "arn:aws:iam::450665609241:role/aws-service-role/autoscaling.amazonaws.com/AWSServiceRoleForAutoScaling",
            "suspended_processes": null,
            "tag": [
              {
                "key": "Name",
                "propagate_at_launch": true,
                "value": "dev-instance"
              }
            ],
            "target_group_arns": [
              "arn:aws:elasticloadbalancing:us-east-1:450665609241:targetgroup/alb/c102c7f53f56e95c"
            ],
            "termination_policies": null,
            "timeouts": null,
            "traffic_source": [
              {
                "identifier": "arn:aws:elasticloadbalancing:us-east-1:450665609241:targetgroup/alb/c102c7f53f56e95c",
                "type": "elbv2"
              }
            ],
            "vpc_zone_identifier": [
              "subnet-006dc6127c1106d7c",
              "subnet-00a18c20dc7ed9bcd"
            ],
            "wait_for_capacity_timeout": "10m",
            "wait_for_elb_capacity": null,
            "warm_pool": [],
            "warm_pool_size": 0
          },
          "sensitive_attributes": [],
          "private": "eyJlMmJmYjczMC1lY2FhLTExZTYtOGY4OC0zNDM2M2JjN2M0YzAiOnsiZGVsZXRlIjo2MDAwMDAwMDAwMDAsInVwZGF0ZSI6NjAwMDAwMDAwMDAwfSwic2NoZW1hX3ZlcnNpb24iOiIxIn0=",
          "dependencies": [
            "module.alb.aws_lb_target_group.alb_target_group",
            "module.auto-scaling.aws_launch_template.asg_launch_template",
            "module.auto-scaling.aws_security_group.public_sg",
            "module.vpc.aws_subnet.public_subnet_1",
            "module.vpc.aws_subnet.public_subnet_2",
            "module.vpc.aws_vpc.main_vpc"
          ]
        }
      ]
    },
    {
      "module": "module.auto-scaling",
      "mode": "managed",
      "type": "aws_cloudwatch_event_rule",
      "name": "asg_instance_launch",
      "provider": "provider[\"registry.terraform.io/hashicorp/aws\"]",
      "instances": [
        {
          "schema_version": 1,
          "attributes": {
            "arn": "arn:aws:events:us-east-1:450665609241:rule/asg_instance_launch",
            "description": "",
            "event_bus_name": "default",
            "event_pattern": "{\"detail\":{\"AutoScalingGroupName\":[\"terraform-20240524171445228800000006\"]},\"detail-type\":[\"EC2 Instance-launch Lifecycle Action\"],\"source\":[\"aws.autoscaling\"]}",
            "id": "asg_instance_launch",
            "is_enabled": true,
            "name": "asg_instance_launch",
            "name_prefix": "",
            "role_arn": "",
            "schedule_expression": "",
            "state": "ENABLED",
            "tags": null,
            "tags_all": {}
          },
          "sensitive_attributes": [],
          "private": "eyJzY2hlbWFfdmVyc2lvbiI6IjEifQ==",
          "dependencies": [
            "module.alb.aws_lb_target_group.alb_target_group",
            "module.auto-scaling.aws_autoscaling_group.bar",
            "module.auto-scaling.aws_launch_template.asg_launch_template",
            "module.auto-scaling.aws_security_group.public_sg",
            "module.vpc.aws_subnet.public_subnet_1",
            "module.vpc.aws_subnet.public_subnet_2",
            "module.vpc.aws_vpc.main_vpc"
          ]
        }
      ]
    },
    {
      "module": "module.auto-scaling",
      "mode": "managed",
      "type": "aws_cloudwatch_event_target",
      "name": "asg_instance_launch_target",
      "provider": "provider[\"registry.terraform.io/hashicorp/aws\"]",
      "instances": [
        {
          "schema_version": 1,
          "attributes": {
            "arn": "arn:aws:lambda:us-east-1:450665609241:function:name_instances",
            "batch_target": [],
            "dead_letter_config": [],
            "ecs_target": [],
            "event_bus_name": "default",
            "http_target": [],
            "id": "asg_instance_launch-name_instances",
            "input": "",
            "input_path": "",
            "input_transformer": [],
            "kinesis_target": [],
            "redshift_target": [],
            "retry_policy": [],
            "role_arn": "",
            "rule": "asg_instance_launch",
            "run_command_targets": [],
            "sagemaker_pipeline_target": [],
            "sqs_target": [],
            "target_id": "name_instances"
          },
          "sensitive_attributes": [],
          "private": "eyJzY2hlbWFfdmVyc2lvbiI6IjEifQ==",
          "dependencies": [
            "module.alb.aws_lb_target_group.alb_target_group",
            "module.auto-scaling.aws_autoscaling_group.bar",
            "module.auto-scaling.aws_cloudwatch_event_rule.asg_instance_launch",
            "module.auto-scaling.aws_lambda_function.name_instances",
            "module.auto-scaling.aws_launch_template.asg_launch_template",
            "module.auto-scaling.aws_security_group.public_sg",
            "module.vpc.aws_subnet.public_subnet_1",
            "module.vpc.aws_subnet.public_subnet_2",
            "module.vpc.aws_vpc.main_vpc"
          ]
        }
      ]
    },
    {
      "module": "module.auto-scaling",
      "mode": "managed",
      "type": "aws_lambda_function",
      "name": "name_instances",
      "provider": "provider[\"registry.terraform.io/hashicorp/aws\"]",
      "instances": [
        {
          "schema_version": 0,
          "attributes": {
            "architectures": [
              "x86_64"
            ],
            "arn": "arn:aws:lambda:us-east-1:450665609241:function:name_instances",
            "code_signing_config_arn": "",
            "dead_letter_config": [],
            "description": "",
            "environment": [],
            "ephemeral_storage": [
              {
                "size": 512
              }
            ],
            "file_system_config": [],
            "filename": "lambda-function/lambda_function.py.zip",
            "function_name": "name_instances",
            "handler": "lambda_function.lambda_handler",
            "id": "name_instances",
            "image_config": [],
            "image_uri": "",
            "invoke_arn": "arn:aws:apigateway:us-east-1:lambda:path/2015-03-31/functions/arn:aws:lambda:us-east-1:450665609241:function:name_instances/invocations",
            "kms_key_arn": "",
            "last_modified": "2024-05-24T17:14:40.242+0000",
            "layers": null,
            "logging_config": [
              {
                "application_log_level": "",
                "log_format": "Text",
                "log_group": "/aws/lambda/name_instances",
                "system_log_level": ""
              }
            ],
            "memory_size": 128,
            "package_type": "Zip",
            "publish": false,
            "qualified_arn": "arn:aws:lambda:us-east-1:450665609241:function:name_instances:$LATEST",
            "qualified_invoke_arn": "arn:aws:apigateway:us-east-1:lambda:path/2015-03-31/functions/arn:aws:lambda:us-east-1:450665609241:function:name_instances:$LATEST/invocations",
            "replace_security_groups_on_destroy": null,
            "replacement_security_group_ids": null,
            "reserved_concurrent_executions": -1,
            "role": "arn:aws:iam::450665609241:role/lambda_exec_role",
            "runtime": "python3.8",
            "s3_bucket": null,
            "s3_key": null,
            "s3_object_version": null,
            "signing_job_arn": "",
            "signing_profile_version_arn": "",
            "skip_destroy": false,
            "snap_start": [],
            "source_code_hash": "zghxIUpq/7LuJ7dWlcwueO7Uq42BKHFlDmg/1hWpy4g=",
            "source_code_size": 418,
            "tags": null,
            "tags_all": {},
            "timeout": 3,
            "timeouts": null,
            "tracing_config": [
              {
                "mode": "PassThrough"
              }
            ],
            "version": "$LATEST",
            "vpc_config": []
          },
          "sensitive_attributes": [],
          "private": "eyJlMmJmYjczMC1lY2FhLTExZTYtOGY4OC0zNDM2M2JjN2M0YzAiOnsiY3JlYXRlIjo2MDAwMDAwMDAwMDAsImRlbGV0ZSI6NjAwMDAwMDAwMDAwLCJ1cGRhdGUiOjYwMDAwMDAwMDAwMH19"
        }
      ]
    },
    {
      "module": "module.auto-scaling",
      "mode": "managed",
      "type": "aws_lambda_permission",
      "name": "allow_cloudwatch",
      "provider": "provider[\"registry.terraform.io/hashicorp/aws\"]",
      "instances": [
        {
          "schema_version": 0,
          "attributes": {
            "action": "lambda:InvokeFunction",
            "event_source_token": null,
            "function_name": "name_instances",
            "function_url_auth_type": null,
            "id": "AllowExecutionFromCloudWatch",
            "principal": "events.amazonaws.com",
            "principal_org_id": null,
            "qualifier": "",
            "source_account": null,
            "source_arn": "arn:aws:events:us-east-1:450665609241:rule/asg_instance_launch",
            "statement_id": "AllowExecutionFromCloudWatch",
            "statement_id_prefix": ""
          },
          "sensitive_attributes": [],
          "private": "bnVsbA==",
          "dependencies": [
            "module.alb.aws_lb_target_group.alb_target_group",
            "module.auto-scaling.aws_autoscaling_group.bar",
            "module.auto-scaling.aws_cloudwatch_event_rule.asg_instance_launch",
            "module.auto-scaling.aws_lambda_function.name_instances",
            "module.auto-scaling.aws_launch_template.asg_launch_template",
            "module.auto-scaling.aws_security_group.public_sg",
            "module.vpc.aws_subnet.public_subnet_1",
            "module.vpc.aws_subnet.public_subnet_2",
            "module.vpc.aws_vpc.main_vpc"
          ]
        }
      ]
    },
    {
      "module": "module.auto-scaling",
      "mode": "managed",
      "type": "aws_launch_template",
      "name": "asg_launch_template",
      "provider": "provider[\"registry.terraform.io/hashicorp/aws\"]",
      "instances": [
        {
          "schema_version": 0,
          "attributes": {
            "arn": "arn:aws:ec2:us-east-1:450665609241:launch-template/lt-010aecdb69f5a1560",
            "block_device_mappings": [],
            "capacity_reservation_specification": [],
            "cpu_options": [],
            "credit_specification": [],
            "default_version": 1,
            "description": "",
            "disable_api_stop": false,
            "disable_api_termination": false,
            "ebs_optimized": "",
            "elastic_gpu_specifications": [],
            "elastic_inference_accelerator": [],
            "enclave_options": [],
            "hibernation_options": [],
            "iam_instance_profile": [],
            "id": "lt-010aecdb69f5a1560",
            "image_id": "ami-0440d3b780d96b29d",
            "instance_initiated_shutdown_behavior": "",
            "instance_market_options": [],
            "instance_requirements": [],
            "instance_type": "t2.micro",
            "kernel_id": "",
            "key_name": "",
            "latest_version": 1,
            "license_specification": [],
            "maintenance_options": [],
            "metadata_options": [],
            "monitoring": [],
            "name": "asg_launch_template20240524171444895300000004",
            "name_prefix": "asg_launch_template",
            "network_interfaces": [
              {
                "associate_carrier_ip_address": "",
                "associate_public_ip_address": "true",
                "delete_on_termination": "",
                "description": "",
                "device_index": 0,
                "interface_type": "",
                "ipv4_address_count": 0,
                "ipv4_addresses": null,
                "ipv4_prefix_count": 0,
                "ipv4_prefixes": null,
                "ipv6_address_count": 0,
                "ipv6_addresses": null,
                "ipv6_prefix_count": 0,
                "ipv6_prefixes": null,
                "network_card_index": 0,
                "network_interface_id": "",
                "private_ip_address": "",
                "security_groups": [
                  "sg-0dfdea1580835859d"
                ],
                "subnet_id": ""
              }
            ],
            "placement": [],
            "private_dns_name_options": [],
            "ram_disk_id": "",
            "security_group_names": null,
            "tag_specifications": [],
            "tags": null,
            "tags_all": {},
            "update_default_version": null,
            "user_data": "IyEvYmluL2Jhc2gKc3VkbyBzdQp5dW0gdXBkYXRlIC15Cnl1bSBpbnN0YWxsIC15IGh0dHBkCmNkIC92YXIvd3d3L2h0bWwKd2dldCBodHRwczovL2dpdGh1Yi5jb20vQWhtZWRuYXMyMTEvanVwaXRlci16aXAtZmlsZS9yYXcvbWFpbi9qdXBpdGVyLW1haW4uemlwCnVuemlwIGp1cGl0ZXItbWFpbi56aXAKY3AgLXIganVwaXRlci1tYWluLyogL3Zhci93d3cvaHRtbApybSAtcmYganVwaXRlci1tYWluIGp1cGl0ZXItbWFpbi56aXAKc3lzdGVtY3RsIHN0YXJ0IGh0dHBkCnN5c3RlbWN0bCBlbmFibGUgaHR0cGQK",
            "vpc_security_group_ids": null
          },
          "sensitive_attributes": [],
          "private": "bnVsbA==",
          "dependencies": [
            "module.auto-scaling.aws_security_group.public_sg",
            "module.vpc.aws_vpc.main_vpc"
          ]
        }
      ]
    },
    {
      "module": "module.auto-scaling",
      "mode": "managed",
      "type": "aws_security_group",
      "name": "public_sg",
      "provider": "provider[\"registry.terraform.io/hashicorp/aws\"]",
      "instances": [
        {
          "schema_version": 1,
          "attributes": {
            "arn": "arn:aws:ec2:us-east-1:450665609241:security-group/sg-0dfdea1580835859d",
            "description": "Allow TLS inbound traffic and all outbound traffic",
            "egress": [],
            "id": "sg-0dfdea1580835859d",
            "ingress": [],
            "name": "public-sg",
            "name_prefix": "",
            "owner_id": "450665609241",
            "revoke_rules_on_delete": false,
            "tags": {
              "Name": "allow_tls"
            },
            "tags_all": {
              "Name": "allow_tls"
            },
            "timeouts": null,
            "vpc_id": "vpc-0ef85c8a03ffeab58"
          },
          "sensitive_attributes": [],
          "private": "eyJlMmJmYjczMC1lY2FhLTExZTYtOGY4OC0zNDM2M2JjN2M0YzAiOnsiY3JlYXRlIjo2MDAwMDAwMDAwMDAsImRlbGV0ZSI6OTAwMDAwMDAwMDAwfSwic2NoZW1hX3ZlcnNpb24iOiIxIn0=",
          "dependencies": [
            "module.vpc.aws_vpc.main_vpc"
          ]
        }
      ]
    },
    {
      "module": "module.auto-scaling",
      "mode": "managed",
      "type": "aws_vpc_security_group_egress_rule",
      "name": "allow_all_traffic_ipv4_3",
      "provider": "provider[\"registry.terraform.io/hashicorp/aws\"]",
      "instances": [
        {
          "schema_version": 0,
          "attributes": {
            "arn": "arn:aws:ec2:us-east-1:450665609241:security-group-rule/sgr-01813069844a97d91",
            "cidr_ipv4": "0.0.0.0/0",
            "cidr_ipv6": null,
            "description": null,
            "from_port": null,
            "id": "sgr-01813069844a97d91",
            "ip_protocol": "-1",
            "prefix_list_id": null,
            "referenced_security_group_id": null,
            "security_group_id": "sg-0dfdea1580835859d",
            "security_group_rule_id": "sgr-01813069844a97d91",
            "tags": null,
            "tags_all": {},
            "to_port": null
          },
          "sensitive_attributes": [],
          "dependencies": [
            "module.auto-scaling.aws_security_group.public_sg",
            "module.vpc.aws_vpc.main_vpc"
          ]
        }
      ]
    },
    {
      "module": "module.auto-scaling",
      "mode": "managed",
      "type": "aws_vpc_security_group_ingress_rule",
      "name": "allow_tls_ipv4",
      "provider": "provider[\"registry.terraform.io/hashicorp/aws\"]",
      "instances": [
        {
          "schema_version": 0,
          "attributes": {
            "arn": "arn:aws:ec2:us-east-1:450665609241:security-group-rule/sgr-0196664d0c2c37ce9",
            "cidr_ipv4": null,
            "cidr_ipv6": null,
            "description": null,
            "from_port": 443,
            "id": "sgr-0196664d0c2c37ce9",
            "ip_protocol": "tcp",
            "prefix_list_id": null,
            "referenced_security_group_id": "sg-0575658b42f65bdad",
            "security_group_id": "sg-0dfdea1580835859d",
            "security_group_rule_id": "sgr-0196664d0c2c37ce9",
            "tags": null,
            "tags_all": {},
            "to_port": 443
          },
          "sensitive_attributes": [],
          "dependencies": [
            "module.alb.aws_security_group.alb_sg",
            "module.auto-scaling.aws_security_group.public_sg",
            "module.vpc.aws_vpc.main_vpc"
          ]
        }
      ]
    },
    {
      "module": "module.auto-scaling",
      "mode": "managed",
      "type": "aws_vpc_security_group_ingress_rule",
      "name": "allow_tls_ipv4_1",
      "provider": "provider[\"registry.terraform.io/hashicorp/aws\"]",
      "instances": [
        {
          "schema_version": 0,
          "attributes": {
            "arn": "arn:aws:ec2:us-east-1:450665609241:security-group-rule/sgr-000d0547d7cdcf7de",
            "cidr_ipv4": null,
            "cidr_ipv6": null,
            "description": null,
            "from_port": 80,
            "id": "sgr-000d0547d7cdcf7de",
            "ip_protocol": "tcp",
            "prefix_list_id": null,
            "referenced_security_group_id": "sg-0575658b42f65bdad",
            "security_group_id": "sg-0dfdea1580835859d",
            "security_group_rule_id": "sgr-000d0547d7cdcf7de",
            "tags": null,
            "tags_all": {},
            "to_port": 80
          },
          "sensitive_attributes": [],
          "dependencies": [
            "module.alb.aws_security_group.alb_sg",
            "module.auto-scaling.aws_security_group.public_sg",
            "module.vpc.aws_vpc.main_vpc"
          ]
        }
      ]
    },
    {
      "module": "module.auto-scaling",
      "mode": "managed",
      "type": "aws_vpc_security_group_ingress_rule",
      "name": "allow_tls_ipv4_2",
      "provider": "provider[\"registry.terraform.io/hashicorp/aws\"]",
      "instances": [
        {
          "schema_version": 0,
          "attributes": {
            "arn": "arn:aws:ec2:us-east-1:450665609241:security-group-rule/sgr-0908960ca0dcc4ea8",
            "cidr_ipv4": "0.0.0.0/0",
            "cidr_ipv6": null,
            "description": null,
            "from_port": 22,
            "id": "sgr-0908960ca0dcc4ea8",
            "ip_protocol": "tcp",
            "prefix_list_id": null,
            "referenced_security_group_id": null,
            "security_group_id": "sg-0dfdea1580835859d",
            "security_group_rule_id": "sgr-0908960ca0dcc4ea8",
            "tags": null,
            "tags_all": {},
            "to_port": 22
          },
          "sensitive_attributes": [],
          "dependencies": [
            "module.auto-scaling.aws_security_group.public_sg",
            "module.vpc.aws_vpc.main_vpc"
          ]
        }
      ]
    },
    {
      "module": "module.route53",
      "mode": "managed",
      "type": "aws_route53_record",
      "name": "dns_record",
      "provider": "provider[\"registry.terraform.io/hashicorp/aws\"]",
      "instances": [
        {
          "schema_version": 2,
          "attributes": {
            "alias": [
              {
                "evaluate_target_health": true,
                "name": "alb-318750298.us-east-1.elb.amazonaws.com",
                "zone_id": "Z35SXDOTRQ7X7K"
              }
            ],
            "allow_overwrite": null,
            "cidr_routing_policy": [],
            "failover_routing_policy": [],
            "fqdn": "ernestcosmicfilms.com",
            "geolocation_routing_policy": [],
            "geoproximity_routing_policy": [],
            "health_check_id": "",
            "id": "Z04532242TW69A9T4K43F_ernestcosmicfilms.com_A",
            "latency_routing_policy": [],
            "multivalue_answer_routing_policy": false,
            "name": "ernestcosmicfilms.com",
            "records": null,
            "set_identifier": "",
            "ttl": 0,
            "type": "A",
            "weighted_routing_policy": [],
            "zone_id": "Z04532242TW69A9T4K43F"
          },
          "sensitive_attributes": [],
          "private": "eyJzY2hlbWFfdmVyc2lvbiI6IjIifQ==",
          "dependencies": [
            "module.alb.aws_lb.alb",
            "module.alb.aws_security_group.alb_sg",
            "module.vpc.aws_subnet.public_subnet_1",
            "module.vpc.aws_subnet.public_subnet_2",
            "module.vpc.aws_vpc.main_vpc"
          ]
        }
      ]
    },
    {
      "module": "module.vpc",
      "mode": "managed",
      "type": "aws_eip",
      "name": "eip",
      "provider": "provider[\"registry.terraform.io/hashicorp/aws\"]",
      "instances": [
        {
          "schema_version": 0,
          "attributes": {
            "address": null,
            "allocation_id": "eipalloc-076e04d053dceaefb",
            "associate_with_private_ip": null,
            "association_id": "",
            "carrier_ip": "",
            "customer_owned_ip": "",
            "customer_owned_ipv4_pool": "",
            "domain": "vpc",
            "id": "eipalloc-076e04d053dceaefb",
            "instance": "",
            "network_border_group": "us-east-1",
            "network_interface": "",
            "private_dns": null,
            "private_ip": "",
            "public_dns": "ec2-18-214-43-153.compute-1.amazonaws.com",
            "public_ip": "18.214.43.153",
            "public_ipv4_pool": "amazon",
            "tags": {
              "Name": "jupiter-static-default-Nat-eip",
              "application": "static",
              "contact": "devops@jjtechinc.com",
              "creationTime": "2024-05-24T17:14:38Z",
              "environment": "default",
              "project": "jupiter"
            },
            "tags_all": {
              "Name": "jupiter-static-default-Nat-eip",
              "application": "static",
              "contact": "devops@jjtechinc.com",
              "creationTime": "2024-05-24T17:14:38Z",
              "environment": "default",
              "project": "jupiter"
            },
            "timeouts": null,
            "vpc": true
          },
          "sensitive_attributes": [],
          "private": "eyJlMmJmYjczMC1lY2FhLTExZTYtOGY4OC0zNDM2M2JjN2M0YzAiOnsiZGVsZXRlIjoxODAwMDAwMDAwMDAsInJlYWQiOjkwMDAwMDAwMDAwMCwidXBkYXRlIjozMDAwMDAwMDAwMDB9fQ=="
        }
      ]
    },
    {
      "module": "module.vpc",
      "mode": "managed",
      "type": "aws_eip",
      "name": "eip_az_1b",
      "provider": "provider[\"registry.terraform.io/hashicorp/aws\"]",
      "instances": [
        {
          "schema_version": 0,
          "attributes": {
            "address": null,
            "allocation_id": "eipalloc-0056cdc84eb60abdf",
            "associate_with_private_ip": null,
            "association_id": "",
            "carrier_ip": "",
            "customer_owned_ip": "",
            "customer_owned_ipv4_pool": "",
            "domain": "vpc",
            "id": "eipalloc-0056cdc84eb60abdf",
            "instance": "",
            "network_border_group": "us-east-1",
            "network_interface": "",
            "private_dns": null,
            "private_ip": "",
            "public_dns": "ec2-3-224-134-158.compute-1.amazonaws.com",
            "public_ip": "3.224.134.158",
            "public_ipv4_pool": "amazon",
            "tags": {
              "Name": "jupiter-static-default-Nat-eip-az-1b",
              "application": "static",
              "contact": "devops@jjtechinc.com",
              "creationTime": "2024-05-24T17:14:38Z",
              "environment": "default",
              "project": "jupiter"
            },
            "tags_all": {
              "Name": "jupiter-static-default-Nat-eip-az-1b",
              "application": "static",
              "contact": "devops@jjtechinc.com",
              "creationTime": "2024-05-24T17:14:38Z",
              "environment": "default",
              "project": "jupiter"
            },
            "timeouts": null,
            "vpc": true
          },
          "sensitive_attributes": [],
          "private": "eyJlMmJmYjczMC1lY2FhLTExZTYtOGY4OC0zNDM2M2JjN2M0YzAiOnsiZGVsZXRlIjoxODAwMDAwMDAwMDAsInJlYWQiOjkwMDAwMDAwMDAwMCwidXBkYXRlIjozMDAwMDAwMDAwMDB9fQ=="
        }
      ]
    },
    {
      "module": "module.vpc",
      "mode": "managed",
      "type": "aws_internet_gateway",
      "name": "igw",
      "provider": "provider[\"registry.terraform.io/hashicorp/aws\"]",
      "instances": [
        {
          "schema_version": 0,
          "attributes": {
            "arn": "arn:aws:ec2:us-east-1:450665609241:internet-gateway/igw-01f108d04d5c63795",
            "id": "igw-01f108d04d5c63795",
            "owner_id": "450665609241",
            "tags": {
              "Name": "jupiter-static-default-igw",
              "application": "static",
              "contact": "devops@jjtechinc.com",
              "creationTime": "2024-05-24T17:14:38Z",
              "environment": "default",
              "project": "jupiter"
            },
            "tags_all": {
              "Name": "jupiter-static-default-igw",
              "application": "static",
              "contact": "devops@jjtechinc.com",
              "creationTime": "2024-05-24T17:14:38Z",
              "environment": "default",
              "project": "jupiter"
            },
            "timeouts": null,
            "vpc_id": "vpc-0ef85c8a03ffeab58"
          },
          "sensitive_attributes": [],
          "private": "eyJlMmJmYjczMC1lY2FhLTExZTYtOGY4OC0zNDM2M2JjN2M0YzAiOnsiY3JlYXRlIjoxMjAwMDAwMDAwMDAwLCJkZWxldGUiOjEyMDAwMDAwMDAwMDAsInVwZGF0ZSI6MTIwMDAwMDAwMDAwMH19",
          "dependencies": [
            "module.vpc.aws_vpc.main_vpc"
          ]
        }
      ]
    },
    {
      "module": "module.vpc",
      "mode": "managed",
      "type": "aws_nat_gateway",
      "name": "nat",
      "provider": "provider[\"registry.terraform.io/hashicorp/aws\"]",
      "instances": [
        {
          "schema_version": 0,
          "attributes": {
            "allocation_id": "eipalloc-076e04d053dceaefb",
            "association_id": "eipassoc-007c1c9e54607f12c",
            "connectivity_type": "public",
            "id": "nat-0927372457f2694f5",
            "network_interface_id": "eni-072a37820007c0bb9",
            "private_ip": "10.0.1.46",
            "public_ip": "18.214.43.153",
            "secondary_allocation_ids": null,
            "secondary_private_ip_address_count": 0,
            "secondary_private_ip_addresses": [],
            "subnet_id": "subnet-00a18c20dc7ed9bcd",
            "tags": {
              "Name": "jupiter-static-default-Nat",
              "application": "static",
              "contact": "devops@jjtechinc.com",
              "creationTime": "2024-05-24T17:14:38Z",
              "environment": "default",
              "project": "jupiter"
            },
            "tags_all": {
              "Name": "jupiter-static-default-Nat",
              "application": "static",
              "contact": "devops@jjtechinc.com",
              "creationTime": "2024-05-24T17:14:38Z",
              "environment": "default",
              "project": "jupiter"
            },
            "timeouts": null
          },
          "sensitive_attributes": [],
          "private": "eyJlMmJmYjczMC1lY2FhLTExZTYtOGY4OC0zNDM2M2JjN2M0YzAiOnsiY3JlYXRlIjo2MDAwMDAwMDAwMDAsImRlbGV0ZSI6MTgwMDAwMDAwMDAwMCwidXBkYXRlIjo2MDAwMDAwMDAwMDB9fQ==",
          "dependencies": [
            "module.vpc.aws_eip.eip",
            "module.vpc.aws_subnet.public_subnet_1",
            "module.vpc.aws_vpc.main_vpc"
          ]
        }
      ]
    },
    {
      "module": "module.vpc",
      "mode": "managed",
      "type": "aws_nat_gateway",
      "name": "nat_gw",
      "provider": "provider[\"registry.terraform.io/hashicorp/aws\"]",
      "instances": [
        {
          "schema_version": 0,
          "attributes": {
            "allocation_id": "eipalloc-0056cdc84eb60abdf",
            "association_id": "eipassoc-0d1bd357bca85572e",
            "connectivity_type": "public",
            "id": "nat-0688a269a465fb841",
            "network_interface_id": "eni-09030c53ca43a6b3d",
            "private_ip": "10.0.2.58",
            "public_ip": "3.224.134.158",
            "secondary_allocation_ids": null,
            "secondary_private_ip_address_count": 0,
            "secondary_private_ip_addresses": [],
            "subnet_id": "subnet-006dc6127c1106d7c",
            "tags": {
              "Name": "jupiter-static-default-Nat_gw",
              "application": "static",
              "contact": "devops@jjtechinc.com",
              "creationTime": "2024-05-24T17:14:38Z",
              "environment": "default",
              "project": "jupiter"
            },
            "tags_all": {
              "Name": "jupiter-static-default-Nat_gw",
              "application": "static",
              "contact": "devops@jjtechinc.com",
              "creationTime": "2024-05-24T17:14:38Z",
              "environment": "default",
              "project": "jupiter"
            },
            "timeouts": null
          },
          "sensitive_attributes": [],
          "private": "eyJlMmJmYjczMC1lY2FhLTExZTYtOGY4OC0zNDM2M2JjN2M0YzAiOnsiY3JlYXRlIjo2MDAwMDAwMDAwMDAsImRlbGV0ZSI6MTgwMDAwMDAwMDAwMCwidXBkYXRlIjo2MDAwMDAwMDAwMDB9fQ==",
          "dependencies": [
            "module.vpc.aws_eip.eip_az_1b",
            "module.vpc.aws_internet_gateway.igw",
            "module.vpc.aws_subnet.public_subnet_2",
            "module.vpc.aws_vpc.main_vpc"
          ]
        }
      ]
    },
    {
      "module": "module.vpc",
      "mode": "managed",
      "type": "aws_route_table",
      "name": "private_rt",
      "provider": "provider[\"registry.terraform.io/hashicorp/aws\"]",
      "instances": [
        {
          "schema_version": 0,
          "attributes": {
            "arn": "arn:aws:ec2:us-east-1:450665609241:route-table/rtb-05e5427710c5c3112",
            "id": "rtb-05e5427710c5c3112",
            "owner_id": "450665609241",
            "propagating_vgws": [],
            "route": [
              {
                "carrier_gateway_id": "",
                "cidr_block": "0.0.0.0/0",
                "core_network_arn": "",
                "destination_prefix_list_id": "",
                "egress_only_gateway_id": "",
                "gateway_id": "nat-0927372457f2694f5",
                "ipv6_cidr_block": "",
                "local_gateway_id": "",
                "nat_gateway_id": "",
                "network_interface_id": "",
                "transit_gateway_id": "",
                "vpc_endpoint_id": "",
                "vpc_peering_connection_id": ""
              }
            ],
            "tags": {
              "Name": "jupiter-static-default-private-rt",
              "application": "static",
              "contact": "devops@jjtechinc.com",
              "creationTime": "2024-05-24T17:14:38Z",
              "environment": "default",
              "project": "jupiter"
            },
            "tags_all": {
              "Name": "jupiter-static-default-private-rt",
              "application": "static",
              "contact": "devops@jjtechinc.com",
              "creationTime": "2024-05-24T17:14:38Z",
              "environment": "default",
              "project": "jupiter"
            },
            "timeouts": null,
            "vpc_id": "vpc-0ef85c8a03ffeab58"
          },
          "sensitive_attributes": [],
          "private": "eyJlMmJmYjczMC1lY2FhLTExZTYtOGY4OC0zNDM2M2JjN2M0YzAiOnsiY3JlYXRlIjozMDAwMDAwMDAwMDAsImRlbGV0ZSI6MzAwMDAwMDAwMDAwLCJ1cGRhdGUiOjEyMDAwMDAwMDAwMH19",
          "dependencies": [
            "module.vpc.aws_eip.eip",
            "module.vpc.aws_nat_gateway.nat",
            "module.vpc.aws_subnet.public_subnet_1",
            "module.vpc.aws_vpc.main_vpc"
          ]
        }
      ]
    },
    {
      "module": "module.vpc",
      "mode": "managed",
      "type": "aws_route_table",
      "name": "public_rt",
      "provider": "provider[\"registry.terraform.io/hashicorp/aws\"]",
      "instances": [
        {
          "schema_version": 0,
          "attributes": {
            "arn": "arn:aws:ec2:us-east-1:450665609241:route-table/rtb-0d1ae87f702744283",
            "id": "rtb-0d1ae87f702744283",
            "owner_id": "450665609241",
            "propagating_vgws": [],
            "route": [
              {
                "carrier_gateway_id": "",
                "cidr_block": "0.0.0.0/0",
                "core_network_arn": "",
                "destination_prefix_list_id": "",
                "egress_only_gateway_id": "",
                "gateway_id": "igw-01f108d04d5c63795",
                "ipv6_cidr_block": "",
                "local_gateway_id": "",
                "nat_gateway_id": "",
                "network_interface_id": "",
                "transit_gateway_id": "",
                "vpc_endpoint_id": "",
                "vpc_peering_connection_id": ""
              }
            ],
            "tags": {
              "Name": "jupiter-static-default-public-rt",
              "application": "static",
              "contact": "devops@jjtechinc.com",
              "creationTime": "2024-05-24T17:14:38Z",
              "environment": "default",
              "project": "jupiter"
            },
            "tags_all": {
              "Name": "jupiter-static-default-public-rt",
              "application": "static",
              "contact": "devops@jjtechinc.com",
              "creationTime": "2024-05-24T17:14:38Z",
              "environment": "default",
              "project": "jupiter"
            },
            "timeouts": null,
            "vpc_id": "vpc-0ef85c8a03ffeab58"
          },
          "sensitive_attributes": [],
          "private": "eyJlMmJmYjczMC1lY2FhLTExZTYtOGY4OC0zNDM2M2JjN2M0YzAiOnsiY3JlYXRlIjozMDAwMDAwMDAwMDAsImRlbGV0ZSI6MzAwMDAwMDAwMDAwLCJ1cGRhdGUiOjEyMDAwMDAwMDAwMH19",
          "dependencies": [
            "module.vpc.aws_internet_gateway.igw",
            "module.vpc.aws_vpc.main_vpc"
          ]
        }
      ]
    },
    {
      "module": "module.vpc",
      "mode": "managed",
      "type": "aws_route_table_association",
      "name": "az_1a",
      "provider": "provider[\"registry.terraform.io/hashicorp/aws\"]",
      "instances": [
        {
          "schema_version": 0,
          "attributes": {
            "gateway_id": "",
            "id": "rtbassoc-0adc439fa87efc933",
            "route_table_id": "rtb-05e5427710c5c3112",
            "subnet_id": "subnet-0e4b8d0ad7e210db9",
            "timeouts": null
          },
          "sensitive_attributes": [],
          "private": "eyJlMmJmYjczMC1lY2FhLTExZTYtOGY4OC0zNDM2M2JjN2M0YzAiOnsiY3JlYXRlIjozMDAwMDAwMDAwMDAsImRlbGV0ZSI6MzAwMDAwMDAwMDAwLCJ1cGRhdGUiOjEyMDAwMDAwMDAwMH19",
          "dependencies": [
            "module.vpc.aws_eip.eip",
            "module.vpc.aws_nat_gateway.nat",
            "module.vpc.aws_route_table.private_rt",
            "module.vpc.aws_subnet.private_subnet_1",
            "module.vpc.aws_subnet.public_subnet_1",
            "module.vpc.aws_vpc.main_vpc"
          ]
        }
      ]
    },
    {
      "module": "module.vpc",
      "mode": "managed",
      "type": "aws_route_table_association",
      "name": "az_1b",
      "provider": "provider[\"registry.terraform.io/hashicorp/aws\"]",
      "instances": [
        {
          "schema_version": 0,
          "attributes": {
            "gateway_id": "",
            "id": "rtbassoc-09619f268b165218f",
            "route_table_id": "rtb-05e5427710c5c3112",
            "subnet_id": "subnet-0b14f77d473a137d4",
            "timeouts": null
          },
          "sensitive_attributes": [],
          "private": "eyJlMmJmYjczMC1lY2FhLTExZTYtOGY4OC0zNDM2M2JjN2M0YzAiOnsiY3JlYXRlIjozMDAwMDAwMDAwMDAsImRlbGV0ZSI6MzAwMDAwMDAwMDAwLCJ1cGRhdGUiOjEyMDAwMDAwMDAwMH19",
          "dependencies": [
            "module.vpc.aws_eip.eip",
            "module.vpc.aws_nat_gateway.nat",
            "module.vpc.aws_route_table.private_rt",
            "module.vpc.aws_subnet.private_subnet_2",
            "module.vpc.aws_subnet.public_subnet_1",
            "module.vpc.aws_vpc.main_vpc"
          ]
        }
      ]
    },
    {
      "module": "module.vpc",
      "mode": "managed",
      "type": "aws_route_table_association",
      "name": "azz_1a",
      "provider": "provider[\"registry.terraform.io/hashicorp/aws\"]",
      "instances": [
        {
          "schema_version": 0,
          "attributes": {
            "gateway_id": "",
            "id": "rtbassoc-07855592e09b79b2d",
            "route_table_id": "rtb-05e5427710c5c3112",
            "subnet_id": "subnet-0e3d6154df5ac5e89",
            "timeouts": null
          },
          "sensitive_attributes": [],
          "private": "eyJlMmJmYjczMC1lY2FhLTExZTYtOGY4OC0zNDM2M2JjN2M0YzAiOnsiY3JlYXRlIjozMDAwMDAwMDAwMDAsImRlbGV0ZSI6MzAwMDAwMDAwMDAwLCJ1cGRhdGUiOjEyMDAwMDAwMDAwMH19",
          "dependencies": [
            "module.vpc.aws_eip.eip",
            "module.vpc.aws_nat_gateway.nat",
            "module.vpc.aws_route_table.private_rt",
            "module.vpc.aws_subnet.private_subnet_3",
            "module.vpc.aws_subnet.public_subnet_1",
            "module.vpc.aws_vpc.main_vpc"
          ]
        }
      ]
    },
    {
      "module": "module.vpc",
      "mode": "managed",
      "type": "aws_route_table_association",
      "name": "azz_1b",
      "provider": "provider[\"registry.terraform.io/hashicorp/aws\"]",
      "instances": [
        {
          "schema_version": 0,
          "attributes": {
            "gateway_id": "",
            "id": "rtbassoc-04e3a7612b7fa5b69",
            "route_table_id": "rtb-05e5427710c5c3112",
            "subnet_id": "subnet-06cbecdc8af9514f9",
            "timeouts": null
          },
          "sensitive_attributes": [],
          "private": "eyJlMmJmYjczMC1lY2FhLTExZTYtOGY4OC0zNDM2M2JjN2M0YzAiOnsiY3JlYXRlIjozMDAwMDAwMDAwMDAsImRlbGV0ZSI6MzAwMDAwMDAwMDAwLCJ1cGRhdGUiOjEyMDAwMDAwMDAwMH19",
          "dependencies": [
            "module.vpc.aws_eip.eip",
            "module.vpc.aws_nat_gateway.nat",
            "module.vpc.aws_route_table.private_rt",
            "module.vpc.aws_subnet.private_subnet_4",
            "module.vpc.aws_subnet.public_subnet_1",
            "module.vpc.aws_vpc.main_vpc"
          ]
        }
      ]
    },
    {
      "module": "module.vpc",
      "mode": "managed",
      "type": "aws_route_table_association",
      "name": "public_rt_association_az1",
      "provider": "provider[\"registry.terraform.io/hashicorp/aws\"]",
      "instances": [
        {
          "schema_version": 0,
          "attributes": {
            "gateway_id": "",
            "id": "rtbassoc-00e202e57f20306ce",
            "route_table_id": "rtb-0d1ae87f702744283",
            "subnet_id": "subnet-00a18c20dc7ed9bcd",
            "timeouts": null
          },
          "sensitive_attributes": [],
          "private": "eyJlMmJmYjczMC1lY2FhLTExZTYtOGY4OC0zNDM2M2JjN2M0YzAiOnsiY3JlYXRlIjozMDAwMDAwMDAwMDAsImRlbGV0ZSI6MzAwMDAwMDAwMDAwLCJ1cGRhdGUiOjEyMDAwMDAwMDAwMH19",
          "dependencies": [
            "module.vpc.aws_internet_gateway.igw",
            "module.vpc.aws_route_table.public_rt",
            "module.vpc.aws_subnet.public_subnet_1",
            "module.vpc.aws_vpc.main_vpc"
          ]
        }
      ]
    },
    {
      "module": "module.vpc",
      "mode": "managed",
      "type": "aws_route_table_association",
      "name": "public_rt_association_az2",
      "provider": "provider[\"registry.terraform.io/hashicorp/aws\"]",
      "instances": [
        {
          "schema_version": 0,
          "attributes": {
            "gateway_id": "",
            "id": "rtbassoc-0c3f6a7b16dbb64a3",
            "route_table_id": "rtb-0d1ae87f702744283",
            "subnet_id": "subnet-006dc6127c1106d7c",
            "timeouts": null
          },
          "sensitive_attributes": [],
          "private": "eyJlMmJmYjczMC1lY2FhLTExZTYtOGY4OC0zNDM2M2JjN2M0YzAiOnsiY3JlYXRlIjozMDAwMDAwMDAwMDAsImRlbGV0ZSI6MzAwMDAwMDAwMDAwLCJ1cGRhdGUiOjEyMDAwMDAwMDAwMH19",
          "dependencies": [
            "module.vpc.aws_internet_gateway.igw",
            "module.vpc.aws_route_table.public_rt",
            "module.vpc.aws_subnet.public_subnet_2",
            "module.vpc.aws_vpc.main_vpc"
          ]
        }
      ]
    },
    {
      "module": "module.vpc",
      "mode": "managed",
      "type": "aws_subnet",
      "name": "private_subnet_1",
      "provider": "provider[\"registry.terraform.io/hashicorp/aws\"]",
      "instances": [
        {
          "schema_version": 1,
          "attributes": {
            "arn": "arn:aws:ec2:us-east-1:450665609241:subnet/subnet-0e4b8d0ad7e210db9",
            "assign_ipv6_address_on_creation": false,
            "availability_zone": "us-east-1a",
            "availability_zone_id": "use1-az2",
            "cidr_block": "10.0.3.0/24",
            "customer_owned_ipv4_pool": "",
            "enable_dns64": false,
            "enable_lni_at_device_index": 0,
            "enable_resource_name_dns_a_record_on_launch": false,
            "enable_resource_name_dns_aaaa_record_on_launch": false,
            "id": "subnet-0e4b8d0ad7e210db9",
            "ipv6_cidr_block": "",
            "ipv6_cidr_block_association_id": "",
            "ipv6_native": false,
            "map_customer_owned_ip_on_launch": false,
            "map_public_ip_on_launch": false,
            "outpost_arn": "",
            "owner_id": "450665609241",
            "private_dns_hostname_type_on_launch": "ip-name",
            "tags": {
              "Name": "jupiter-static-default-private-subnet-1",
              "application": "static",
              "contact": "devops@jjtechinc.com",
              "creationTime": "2024-05-24T17:14:38Z",
              "environment": "default",
              "project": "jupiter"
            },
            "tags_all": {
              "Name": "jupiter-static-default-private-subnet-1",
              "application": "static",
              "contact": "devops@jjtechinc.com",
              "creationTime": "2024-05-24T17:14:38Z",
              "environment": "default",
              "project": "jupiter"
            },
            "timeouts": null,
            "vpc_id": "vpc-0ef85c8a03ffeab58"
          },
          "sensitive_attributes": [],
          "private": "eyJlMmJmYjczMC1lY2FhLTExZTYtOGY4OC0zNDM2M2JjN2M0YzAiOnsiY3JlYXRlIjo2MDAwMDAwMDAwMDAsImRlbGV0ZSI6MTIwMDAwMDAwMDAwMH0sInNjaGVtYV92ZXJzaW9uIjoiMSJ9",
          "dependencies": [
            "module.vpc.aws_vpc.main_vpc"
          ]
        }
      ]
    },
    {
      "module": "module.vpc",
      "mode": "managed",
      "type": "aws_subnet",
      "name": "private_subnet_2",
      "provider": "provider[\"registry.terraform.io/hashicorp/aws\"]",
      "instances": [
        {
          "schema_version": 1,
          "attributes": {
            "arn": "arn:aws:ec2:us-east-1:450665609241:subnet/subnet-0b14f77d473a137d4",
            "assign_ipv6_address_on_creation": false,
            "availability_zone": "us-east-1b",
            "availability_zone_id": "use1-az4",
            "cidr_block": "10.0.4.0/24",
            "customer_owned_ipv4_pool": "",
            "enable_dns64": false,
            "enable_lni_at_device_index": 0,
            "enable_resource_name_dns_a_record_on_launch": false,
            "enable_resource_name_dns_aaaa_record_on_launch": false,
            "id": "subnet-0b14f77d473a137d4",
            "ipv6_cidr_block": "",
            "ipv6_cidr_block_association_id": "",
            "ipv6_native": false,
            "map_customer_owned_ip_on_launch": false,
            "map_public_ip_on_launch": false,
            "outpost_arn": "",
            "owner_id": "450665609241",
            "private_dns_hostname_type_on_launch": "ip-name",
            "tags": {
              "Name": "jupiter-static-default-private-subnet-2",
              "application": "static",
              "contact": "devops@jjtechinc.com",
              "creationTime": "2024-05-24T17:14:38Z",
              "environment": "default",
              "project": "jupiter"
            },
            "tags_all": {
              "Name": "jupiter-static-default-private-subnet-2",
              "application": "static",
              "contact": "devops@jjtechinc.com",
              "creationTime": "2024-05-24T17:14:38Z",
              "environment": "default",
              "project": "jupiter"
            },
            "timeouts": null,
            "vpc_id": "vpc-0ef85c8a03ffeab58"
          },
          "sensitive_attributes": [],
          "private": "eyJlMmJmYjczMC1lY2FhLTExZTYtOGY4OC0zNDM2M2JjN2M0YzAiOnsiY3JlYXRlIjo2MDAwMDAwMDAwMDAsImRlbGV0ZSI6MTIwMDAwMDAwMDAwMH0sInNjaGVtYV92ZXJzaW9uIjoiMSJ9",
          "dependencies": [
            "module.vpc.aws_vpc.main_vpc"
          ]
        }
      ]
    },
    {
      "module": "module.vpc",
      "mode": "managed",
      "type": "aws_subnet",
      "name": "private_subnet_3",
      "provider": "provider[\"registry.terraform.io/hashicorp/aws\"]",
      "instances": [
        {
          "schema_version": 1,
          "attributes": {
            "arn": "arn:aws:ec2:us-east-1:450665609241:subnet/subnet-0e3d6154df5ac5e89",
            "assign_ipv6_address_on_creation": false,
            "availability_zone": "us-east-1a",
            "availability_zone_id": "use1-az2",
            "cidr_block": "10.0.5.0/24",
            "customer_owned_ipv4_pool": "",
            "enable_dns64": false,
            "enable_lni_at_device_index": 0,
            "enable_resource_name_dns_a_record_on_launch": false,
            "enable_resource_name_dns_aaaa_record_on_launch": false,
            "id": "subnet-0e3d6154df5ac5e89",
            "ipv6_cidr_block": "",
            "ipv6_cidr_block_association_id": "",
            "ipv6_native": false,
            "map_customer_owned_ip_on_launch": false,
            "map_public_ip_on_launch": false,
            "outpost_arn": "",
            "owner_id": "450665609241",
            "private_dns_hostname_type_on_launch": "ip-name",
            "tags": {
              "Name": "jupiter-static-default-private-subnet-3",
              "application": "static",
              "contact": "devops@jjtechinc.com",
              "creationTime": "2024-05-24T17:14:38Z",
              "environment": "default",
              "project": "jupiter"
            },
            "tags_all": {
              "Name": "jupiter-static-default-private-subnet-3",
              "application": "static",
              "contact": "devops@jjtechinc.com",
              "creationTime": "2024-05-24T17:14:38Z",
              "environment": "default",
              "project": "jupiter"
            },
            "timeouts": null,
            "vpc_id": "vpc-0ef85c8a03ffeab58"
          },
          "sensitive_attributes": [],
          "private": "eyJlMmJmYjczMC1lY2FhLTExZTYtOGY4OC0zNDM2M2JjN2M0YzAiOnsiY3JlYXRlIjo2MDAwMDAwMDAwMDAsImRlbGV0ZSI6MTIwMDAwMDAwMDAwMH0sInNjaGVtYV92ZXJzaW9uIjoiMSJ9",
          "dependencies": [
            "module.vpc.aws_vpc.main_vpc"
          ]
        }
      ]
    },
    {
      "module": "module.vpc",
      "mode": "managed",
      "type": "aws_subnet",
      "name": "private_subnet_4",
      "provider": "provider[\"registry.terraform.io/hashicorp/aws\"]",
      "instances": [
        {
          "schema_version": 1,
          "attributes": {
            "arn": "arn:aws:ec2:us-east-1:450665609241:subnet/subnet-06cbecdc8af9514f9",
            "assign_ipv6_address_on_creation": false,
            "availability_zone": "us-east-1b",
            "availability_zone_id": "use1-az4",
            "cidr_block": "10.0.6.0/24",
            "customer_owned_ipv4_pool": "",
            "enable_dns64": false,
            "enable_lni_at_device_index": 0,
            "enable_resource_name_dns_a_record_on_launch": false,
            "enable_resource_name_dns_aaaa_record_on_launch": false,
            "id": "subnet-06cbecdc8af9514f9",
            "ipv6_cidr_block": "",
            "ipv6_cidr_block_association_id": "",
            "ipv6_native": false,
            "map_customer_owned_ip_on_launch": false,
            "map_public_ip_on_launch": false,
            "outpost_arn": "",
            "owner_id": "450665609241",
            "private_dns_hostname_type_on_launch": "ip-name",
            "tags": {
              "Name": "jupiter-static-default-private-subnet-4",
              "application": "static",
              "contact": "devops@jjtechinc.com",
              "creationTime": "2024-05-24T17:14:38Z",
              "environment": "default",
              "project": "jupiter"
            },
            "tags_all": {
              "Name": "jupiter-static-default-private-subnet-4",
              "application": "static",
              "contact": "devops@jjtechinc.com",
              "creationTime": "2024-05-24T17:14:38Z",
              "environment": "default",
              "project": "jupiter"
            },
            "timeouts": null,
            "vpc_id": "vpc-0ef85c8a03ffeab58"
          },
          "sensitive_attributes": [],
          "private": "eyJlMmJmYjczMC1lY2FhLTExZTYtOGY4OC0zNDM2M2JjN2M0YzAiOnsiY3JlYXRlIjo2MDAwMDAwMDAwMDAsImRlbGV0ZSI6MTIwMDAwMDAwMDAwMH0sInNjaGVtYV92ZXJzaW9uIjoiMSJ9",
          "dependencies": [
            "module.vpc.aws_vpc.main_vpc"
          ]
        }
      ]
    },
    {
      "module": "module.vpc",
      "mode": "managed",
      "type": "aws_subnet",
      "name": "public_subnet_1",
      "provider": "provider[\"registry.terraform.io/hashicorp/aws\"]",
      "instances": [
        {
          "schema_version": 1,
          "attributes": {
            "arn": "arn:aws:ec2:us-east-1:450665609241:subnet/subnet-00a18c20dc7ed9bcd",
            "assign_ipv6_address_on_creation": false,
            "availability_zone": "us-east-1a",
            "availability_zone_id": "use1-az2",
            "cidr_block": "10.0.1.0/24",
            "customer_owned_ipv4_pool": "",
            "enable_dns64": false,
            "enable_lni_at_device_index": 0,
            "enable_resource_name_dns_a_record_on_launch": false,
            "enable_resource_name_dns_aaaa_record_on_launch": false,
            "id": "subnet-00a18c20dc7ed9bcd",
            "ipv6_cidr_block": "",
            "ipv6_cidr_block_association_id": "",
            "ipv6_native": false,
            "map_customer_owned_ip_on_launch": false,
            "map_public_ip_on_launch": false,
            "outpost_arn": "",
            "owner_id": "450665609241",
            "private_dns_hostname_type_on_launch": "ip-name",
            "tags": {
              "Name": "jupiter-static-default-public-subnet-1",
              "application": "static",
              "contact": "devops@jjtechinc.com",
              "creationTime": "2024-05-24T17:14:38Z",
              "environment": "default",
              "project": "jupiter"
            },
            "tags_all": {
              "Name": "jupiter-static-default-public-subnet-1",
              "application": "static",
              "contact": "devops@jjtechinc.com",
              "creationTime": "2024-05-24T17:14:38Z",
              "environment": "default",
              "project": "jupiter"
            },
            "timeouts": null,
            "vpc_id": "vpc-0ef85c8a03ffeab58"
          },
          "sensitive_attributes": [],
          "private": "eyJlMmJmYjczMC1lY2FhLTExZTYtOGY4OC0zNDM2M2JjN2M0YzAiOnsiY3JlYXRlIjo2MDAwMDAwMDAwMDAsImRlbGV0ZSI6MTIwMDAwMDAwMDAwMH0sInNjaGVtYV92ZXJzaW9uIjoiMSJ9",
          "dependencies": [
            "module.vpc.aws_vpc.main_vpc"
          ]
        }
      ]
    },
    {
      "module": "module.vpc",
      "mode": "managed",
      "type": "aws_subnet",
      "name": "public_subnet_2",
      "provider": "provider[\"registry.terraform.io/hashicorp/aws\"]",
      "instances": [
        {
          "schema_version": 1,
          "attributes": {
            "arn": "arn:aws:ec2:us-east-1:450665609241:subnet/subnet-006dc6127c1106d7c",
            "assign_ipv6_address_on_creation": false,
            "availability_zone": "us-east-1b",
            "availability_zone_id": "use1-az4",
            "cidr_block": "10.0.2.0/24",
            "customer_owned_ipv4_pool": "",
            "enable_dns64": false,
            "enable_lni_at_device_index": 0,
            "enable_resource_name_dns_a_record_on_launch": false,
            "enable_resource_name_dns_aaaa_record_on_launch": false,
            "id": "subnet-006dc6127c1106d7c",
            "ipv6_cidr_block": "",
            "ipv6_cidr_block_association_id": "",
            "ipv6_native": false,
            "map_customer_owned_ip_on_launch": false,
            "map_public_ip_on_launch": false,
            "outpost_arn": "",
            "owner_id": "450665609241",
            "private_dns_hostname_type_on_launch": "ip-name",
            "tags": {
              "Name": "jupiter-static-default-public-subnet-2",
              "application": "static",
              "contact": "devops@jjtechinc.com",
              "creationTime": "2024-05-24T17:14:38Z",
              "environment": "default",
              "project": "jupiter"
            },
            "tags_all": {
              "Name": "jupiter-static-default-public-subnet-2",
              "application": "static",
              "contact": "devops@jjtechinc.com",
              "creationTime": "2024-05-24T17:14:38Z",
              "environment": "default",
              "project": "jupiter"
            },
            "timeouts": null,
            "vpc_id": "vpc-0ef85c8a03ffeab58"
          },
          "sensitive_attributes": [],
          "private": "eyJlMmJmYjczMC1lY2FhLTExZTYtOGY4OC0zNDM2M2JjN2M0YzAiOnsiY3JlYXRlIjo2MDAwMDAwMDAwMDAsImRlbGV0ZSI6MTIwMDAwMDAwMDAwMH0sInNjaGVtYV92ZXJzaW9uIjoiMSJ9",
          "dependencies": [
            "module.vpc.aws_vpc.main_vpc"
          ]
        }
      ]
    },
    {
      "module": "module.vpc",
      "mode": "managed",
      "type": "aws_vpc",
      "name": "main_vpc",
      "provider": "provider[\"registry.terraform.io/hashicorp/aws\"]",
      "instances": [
        {
          "schema_version": 1,
          "attributes": {
            "arn": "arn:aws:ec2:us-east-1:450665609241:vpc/vpc-0ef85c8a03ffeab58",
            "assign_generated_ipv6_cidr_block": false,
            "cidr_block": "10.0.0.0/16",
            "default_network_acl_id": "acl-09ab40aed4e805636",
            "default_route_table_id": "rtb-02931f8bbecb9aef7",
            "default_security_group_id": "sg-051af3de34292511a",
            "dhcp_options_id": "dopt-08b84390b377912a0",
            "enable_dns_hostnames": false,
            "enable_dns_support": true,
            "enable_network_address_usage_metrics": false,
            "id": "vpc-0ef85c8a03ffeab58",
            "instance_tenancy": "default",
            "ipv4_ipam_pool_id": null,
            "ipv4_netmask_length": null,
            "ipv6_association_id": "",
            "ipv6_cidr_block": "",
            "ipv6_cidr_block_network_border_group": "",
            "ipv6_ipam_pool_id": "",
            "ipv6_netmask_length": 0,
            "main_route_table_id": "rtb-02931f8bbecb9aef7",
            "owner_id": "450665609241",
            "tags": {
              "Name": "jupiter-static-default-main-vpc",
              "application": "static",
              "contact": "devops@jjtechinc.com",
              "creationTime": "2024-05-24T17:14:38Z",
              "environment": "default",
              "project": "jupiter"
            },
            "tags_all": {
              "Name": "jupiter-static-default-main-vpc",
              "application": "static",
              "contact": "devops@jjtechinc.com",
              "creationTime": "2024-05-24T17:14:38Z",
              "environment": "default",
              "project": "jupiter"
            }
          },
          "sensitive_attributes": [],
          "private": "eyJzY2hlbWFfdmVyc2lvbiI6IjEifQ=="
        }
      ]
    }
  ],
  "check_results": null
}
